
Microsoft Visual Studio Solution File, Format Version 12.00
# Visual Studio Version 16
VisualStudioVersion = 16.0.30611.23
MinimumVisualStudioVersion = 10.0.40219.1
Project("{FAE04EC0-301F-11D3-BF4B-00C04F79EFBC}") = "Security-WS-SOAP", "Security-WS-SOAP\Security-WS-SOAP.csproj", "{C229BFEF-D286-4ACF-8823-450F5633CB81}"
EndProject
Project("{FAE04EC0-301F-11D3-BF4B-00C04F79EFBC}") = "Security-SOAP-Client", "Security-SOAP-Client\Security-SOAP-Client.csproj", "{C7203573-7495-4166-80D5-62CFEFBB7359}"
	ProjectSection(ProjectDependencies) = postProject
		{C229BFEF-D286-4ACF-8823-450F5633CB81} = {C229BFEF-D286-4ACF-8823-450F5633CB81}
	EndProjectSection
EndProject
Global
	GlobalSection(SolutionConfigurationPlatforms) = preSolution
		Debug|Any CPU = Debug|Any CPU
		Release|Any CPU = Release|Any CPU
	EndGlobalSection
	GlobalSection(ProjectConfigurationPlatforms) = postSolution
		{C229BFEF-D286-4ACF-8823-450F5633CB81}.Debug|Any CPU.ActiveCfg = Debug|Any CPU
		{C229BFEF-D286-4ACF-8823-450F5633CB81}.Debug|Any CPU.Build.0 = Debug|Any CPU
		{C229BFEF-D286-4ACF-8823-450F5633CB81}.Release|Any CPU.ActiveCfg = Release|Any CPU
		{C229BFEF-D286-4ACF-8823-450F5633CB81}.Release|Any CPU.Build.0 = Release|Any CPU
		{C7203573-7495-4166-80D5-62CFEFBB7359}.Debug|Any CPU.ActiveCfg = Debug|Any CPU
		{C7203573-7495-4166-80D5-62CFEFBB7359}.Debug|Any CPU.Build.0 = Debug|Any CPU
		{C7203573-7495-4166-80D5-62CFEFBB7359}.Release|Any CPU.ActiveCfg = Release|Any CPU
		{C7203573-7495-4166-80D5-62CFEFBB7359}.Release|Any CPU.Build.0 = Release|Any CPU
	EndGlobalSection
	GlobalSection(SolutionProperties) = preSolution
		HideSolutionNode = FALSE
	EndGlobalSection
	GlobalSection(ExtensibilityGlobals) = postSolution
		SolutionGuid = {E7ED3E1D-5F20-49E7-A1C5-A1916A836DA5}
	EndGlobalSection
EndGlobal
